github.com/aws/aws-sdk-go v1.16.15 h1:kQyxfRyjAwIYjf0225sn/pn+WAlncKyI8dmT3+ItMFE=
github.com/aws/aws-sdk-go v1.16.15/go.mod h1:KmX6BPdI08NWTb3/sm4ZGu5ShLoqVDhKgpiN924inxo=
github.com/ingtk/stimulus v0.0.0-20181010131900-592370b6904f h1:H29KFTs9/mGSDgE6Rh0Mbn5z4ehd8AHU6h37oX7Qns8=
github.com/ingtk/stimulus v0.0.0-20181010131900-592370b6904f/go.mod h1:G5uDH24Sq9D1qyIr6SGfA58VnfPvac3PTWPasItK8AQ=
github.com/jmespath/go-jmespath v0.0.0-20180206201540-c2b33e8439af h1:pmfjZENx5imkbgOkpRUYLnmbU7UEFbjtDA2hxJ1ichM=
github.com/jmespath/go-jmespath v0.0.0-20180206201540-c2b33e8439af/go.mod h1:Nht3zPeWKUH0NzdCt2Blrr5ys8VGpn0CEB0cQHVjt7k=
github.com/k0kubun/pp v2.3.0+incompatible h1:EKhKbi34VQDWJtq+zpsKSEhkHHs9w2P8Izbq8IhLVSo=
github.com/k0kubun/pp v2.3.0+incompatible/go.mod h1:GWse8YhT0p8pT4ir3ZgBbfZild3tgzSScAn6HmfYukg=
github.com/mattn/go-colorable v0.0.9 h1:UVL0vNpWh04HeJXV0KLcaT7r06gOH2l4OW6ddYRUIY4=
github.com/mattn/go-colorable v0.0.9/go.mod h1:9vuHe8Xs5qXnSaW/c/ABM9alt+Vo+STaOChaDxuIBZU=
github.com/mattn/go-isatty v0.0.4 h1:bnP0vzxcAdeI1zdubAl5PjU6zsERjGZb7raWodagDYs=
github.com/mattn/go-isatty v0.0.4/go.mod h1:M+lRXTBqGeGNdLjl/ufCoiOlB5xdOkqRJdNxMWT7Zi4=
github.com/mattn/go-runewidth v0.0.4 h1:2BvfKmzob6Bmd4YsL0zygOqfdFnK7GR4QL06Do4/p7Y=
github.com/mattn/go-runewidth v0.0.4/go.mod h1:LwmH8dsx7+W8Uxz3IHJYH5QSwggIsqBzpuz5H//U1FU=
github.com/olekukonko/tablewriter v0.0.1 h1:b3iUnf1v+ppJiOfNX4yxxqfWKMQPZR5yoh8urCTFX88=
github.com/olekukonko/tablewriter v0.0.1/go.mod h1:vsDQFd/mU46D+Z4whnwzcISnGGzXWMclvtLoiIKAKIo=
golang.org/x/sys v0.0.0-20190107173414-20be8e55dc7b h1:9Gu1sMPgKHo+qCbPa2jN5A54ro2gY99BWF7nHOBNVME=
golang.org/x/sys v0.0.0-20190107173414-20be8e55dc7b/go.mod h1:STP8DvDyc/dI5b8T5hshtkjS+E42TnysNCUPdjciGhY=
